
Microsoft Visual Studio Solution File, Format Version 12.00
# Visual Studio 2012
Project("{FAE04EC0-301F-11D3-BF4B-00C04F79EFBC}") = "lesson1", "lesson1\lesson1.csproj", "{D2A175F3-5E12-4344-8323-8185496749C2}"
EndProject
Global
	GlobalSection(SolutionConfigurationPlatforms) = preSolution
		Debug|Any CPU = Debug|Any CPU
		Release|Any CPU = Release|Any CPU
	EndGlobalSection
	GlobalSection(ProjectConfigurationPlatforms) = postSolution
		{D2A175F3-5E12-4344-8323-8185496749C2}.Debug|Any CPU.ActiveCfg = Debug|Any CPU
		{D2A175F3-5E12-4344-8323-8185496749C2}.Debug|Any CPU.Build.0 = Debug|Any CPU
		{D2A175F3-5E12-4344-8323-8185496749C2}.Release|Any CPU.ActiveCfg = Release|Any CPU
		{D2A175F3-5E12-4344-8323-8185496749C2}.Release|Any CPU.Build.0 = Release|Any CPU
	EndGlobalSection
	GlobalSection(SolutionProperties) = preSolution
		HideSolutionNode = FALSE
	EndGlobalSection
EndGlobal
